
Microsoft Visual Studio Solution File, Format Version 12.00
# Visual Studio Version 17
VisualStudioVersion = 17.13.35818.85 d17.13
MinimumVisualStudioVersion = 10.0.40219.1
Project("{FAE04EC0-301F-11D3-BF4B-00C04F79EFBC}") = "Lab_Gutium", "Lab_Gutium\Lab_Gutium.csproj", "{99FF90F5-DAB0-488F-82E9-BFEA5C033321}"
EndProject
Global
	GlobalSection(SolutionConfigurationPlatforms) = preSolution
		Debug|Any CPU = Debug|Any CPU
		Release|Any CPU = Release|Any CPU
	EndGlobalSection
	GlobalSection(ProjectConfigurationPlatforms) = postSolution
		{99FF90F5-DAB0-488F-82E9-BFEA5C033321}.Debug|Any CPU.ActiveCfg = Debug|Any CPU
		{99FF90F5-DAB0-488F-82E9-BFEA5C033321}.Debug|Any CPU.Build.0 = Debug|Any CPU
		{99FF90F5-DAB0-488F-82E9-BFEA5C033321}.Release|Any CPU.ActiveCfg = Release|Any CPU
		{99FF90F5-DAB0-488F-82E9-BFEA5C033321}.Release|Any CPU.Build.0 = Release|Any CPU
	EndGlobalSection
	GlobalSection(SolutionProperties) = preSolution
		HideSolutionNode = FALSE
	EndGlobalSection
	GlobalSection(ExtensibilityGlobals) = postSolution
		SolutionGuid = {12EE6D4C-3CB0-4F3D-817E-03D9EF7D831D}
	EndGlobalSection
EndGlobal
